<?xml version="1.0" encoding="utf-8"?>
<Project ToolsVersion="4.0" xmlns="http://schemas.microsoft.com/developer/msbuild/2003">
  <ItemGroup>
    <Filter Include="Source Files">
      <UniqueIdentifier>{4FC737F1-C7A5-4376-A066-2A32D752A2FF}</UniqueIdentifier>
      <Extensions>cpp;c;cc;cxx;def;odl;idl;hpj;bat;asm;asmx</Extensions>
    </Filter>
    <Filter Include="Header Files">
      <UniqueIdentifier>{9f74d7cf-c769-4dd5-8a7b-72ce66e05379}</UniqueIdentifier>
    </Filter>
  </ItemGroup>
  <ItemGroup>
    <ClCompile Include="batch-draw.cpp">
      <Filter>Source Files</Filter>
    </ClCompile>
    <ClCompile Include="draw-digits.cpp">
      <Filter>Source Files</Filter>
    </ClCompile>
    <ClCompile Include="long-shader.cpp">
      <Filter>Source Files</Filter>
    </ClCompile>
    <ClCompile Include="multi-draw.cpp">
      <Filter>Source Files</Filter>
    </ClCompile>
    <ClCompile Include="shaders.cpp">
      <Filter>Source Files</Filter>
    </ClCompile>
    <ClCompile Include="simple-dial.cpp">
      <Filter>Source Files</Filter>
    </ClCompile>
    <ClCompile Include="simple-egl.cpp">
      <Filter>Source Files</Filter>
    </ClCompile>
    <ClCompile Include="simple-texture.cpp">
      <Filter>Source Files</Filter>
    </ClCompile>
    <ClCompile Include="single-draw.cpp">
      <Filter>Source Files</Filter>
    </ClCompile>
    <ClCompile Include="main.cpp">
      <Filter>Source Files</Filter>
    </ClCompile>
  </ItemGroup>
  <ItemGroup>
    <ClInclude Include="draw-digits.h">
      <Filter>Header Files</Filter>
    </ClInclude>
    <ClInclude Include="main.h">
      <Filter>Header Files</Filter>
    </ClInclude>
    <ClInclude Include="shaders.h">
      <Filter>Header Files</Filter>
    </ClInclude>
  </ItemGroup>
</Project>